
Microsoft Visual Studio Solution File, Format Version 12.00
# Visual Studio 15
VisualStudioVersion = 15.0.28307.168
MinimumVisualStudioVersion = 10.0.40219.1
Project("{FAE04EC0-301F-11D3-BF4B-00C04F79EFBC}") = "C0725030_Assignment1", "C0725030_Assignment1\C0725030_Assignment1.csproj", "{5CBFC301-1FA2-4FE9-8AAF-55E8B7F50AC6}"
EndProject
Global
	GlobalSection(SolutionConfigurationPlatforms) = preSolution
		Debug|Any CPU = Debug|Any CPU
		Release|Any CPU = Release|Any CPU
	EndGlobalSection
	GlobalSection(ProjectConfigurationPlatforms) = postSolution
		{5CBFC301-1FA2-4FE9-8AAF-55E8B7F50AC6}.Debug|Any CPU.ActiveCfg = Debug|Any CPU
		{5CBFC301-1FA2-4FE9-8AAF-55E8B7F50AC6}.Debug|Any CPU.Build.0 = Debug|Any CPU
		{5CBFC301-1FA2-4FE9-8AAF-55E8B7F50AC6}.Release|Any CPU.ActiveCfg = Release|Any CPU
		{5CBFC301-1FA2-4FE9-8AAF-55E8B7F50AC6}.Release|Any CPU.Build.0 = Release|Any CPU
	EndGlobalSection
	GlobalSection(SolutionProperties) = preSolution
		HideSolutionNode = FALSE
	EndGlobalSection
	GlobalSection(ExtensibilityGlobals) = postSolution
		SolutionGuid = {0DD65CBA-61EA-4DCE-946B-A6AE5B639BD5}
	EndGlobalSection
EndGlobal
